
Microsoft Visual Studio Solution File, Format Version 12.00
# Visual Studio 2013
VisualStudioVersion = 12.0.21005.1
MinimumVisualStudioVersion = 10.0.40219.1
Project("{FAE04EC0-301F-11D3-BF4B-00C04F79EFBC}") = "MayHoc", "MayHoc\MayHoc.csproj", "{54AFCB9A-156F-4A53-82FA-8E1F2828300D}"
EndProject
Global
	GlobalSection(SolutionConfigurationPlatforms) = preSolution
		Debug|Any CPU = Debug|Any CPU
		Debug|Default = Debug|Default
		Release|Any CPU = Release|Any CPU
		Release|Default = Release|Default
	EndGlobalSection
	GlobalSection(ProjectConfigurationPlatforms) = postSolution
		{54AFCB9A-156F-4A53-82FA-8E1F2828300D}.Debug|Any CPU.ActiveCfg = Debug|Any CPU
		{54AFCB9A-156F-4A53-82FA-8E1F2828300D}.Debug|Any CPU.Build.0 = Debug|Any CPU
		{54AFCB9A-156F-4A53-82FA-8E1F2828300D}.Debug|Default.ActiveCfg = Debug|Any CPU
		{54AFCB9A-156F-4A53-82FA-8E1F2828300D}.Release|Any CPU.ActiveCfg = Debug|Any CPU
		{54AFCB9A-156F-4A53-82FA-8E1F2828300D}.Release|Default.ActiveCfg = Debug|Any CPU
	EndGlobalSection
	GlobalSection(SolutionProperties) = preSolution
		HideSolutionNode = FALSE
	EndGlobalSection
	GlobalSection(SolutionConfigurationPlatforms) = preSolution
		Debug|Any CPU = Debug|Any CPU
		Debug|Default = Debug|Default
		Release|Any CPU = Release|Any CPU
		Release|Default = Release|Default
	EndGlobalSection
	GlobalSection(SolutionConfigurationPlatforms) = preSolution
		Debug|Any CPU = Debug|Any CPU
		Debug|Default = Debug|Default
		Release|Any CPU = Release|Any CPU
		Release|Default = Release|Default
	EndGlobalSection
EndGlobal
